
Microsoft Visual Studio Solution File, Format Version 12.00
# Visual Studio Version 17
VisualStudioVersion = 17.6.33801.468
MinimumVisualStudioVersion = 10.0.40219.1
Project("{9A19103F-16F7-4668-BE54-9A1E7A4F7556}") = "data-structures-and-algorithms", "data-structures-and-algorithms\data-structures-and-algorithms.csproj", "{73DE9667-2068-4E22-849B-042126EB31AA}"
EndProject
Project("{9A19103F-16F7-4668-BE54-9A1E7A4F7556}") = "Revers-Arrays", "Revers-Arrays\Revers-Arrays.csproj", "{03533468-6375-48C3-B40D-7D3EE34A14AF}"
EndProject
Project("{9A19103F-16F7-4668-BE54-9A1E7A4F7556}") = "TestInsertNumberArray", "TestInsertNumberArray\TestInsertNumberArray.csproj", "{17A253B7-E4FA-4DB3-95C7-919A7863BB5D}"
EndProject
Project("{9A19103F-16F7-4668-BE54-9A1E7A4F7556}") = "TestBinarySearch", "TestBinarySearch\TestBinarySearch.csproj", "{1FF41452-F485-41B6-85B0-92AEBA93AE14}"
EndProject
Project("{9A19103F-16F7-4668-BE54-9A1E7A4F7556}") = "LinkedList", "LinkedList\LinkedList.csproj", "{32764759-A48D-41E9-AAFB-ECC6636855F5}"
EndProject
Project("{FAE04EC0-301F-11D3-BF4B-00C04F79EFBC}") = "Linked-List-Zip", "Linked-List-Zip\Linked-List-Zip.csproj", "{725E4254-0378-4AD4-B3F4-0AD604F3A1CF}"
EndProject
Global
	GlobalSection(SolutionConfigurationPlatforms) = preSolution
		Debug|Any CPU = Debug|Any CPU
		Release|Any CPU = Release|Any CPU
	EndGlobalSection
	GlobalSection(ProjectConfigurationPlatforms) = postSolution
		{73DE9667-2068-4E22-849B-042126EB31AA}.Debug|Any CPU.ActiveCfg = Debug|Any CPU
		{73DE9667-2068-4E22-849B-042126EB31AA}.Debug|Any CPU.Build.0 = Debug|Any CPU
		{73DE9667-2068-4E22-849B-042126EB31AA}.Release|Any CPU.ActiveCfg = Release|Any CPU
		{73DE9667-2068-4E22-849B-042126EB31AA}.Release|Any CPU.Build.0 = Release|Any CPU
		{03533468-6375-48C3-B40D-7D3EE34A14AF}.Debug|Any CPU.ActiveCfg = Debug|Any CPU
		{03533468-6375-48C3-B40D-7D3EE34A14AF}.Debug|Any CPU.Build.0 = Debug|Any CPU
		{03533468-6375-48C3-B40D-7D3EE34A14AF}.Release|Any CPU.ActiveCfg = Release|Any CPU
		{03533468-6375-48C3-B40D-7D3EE34A14AF}.Release|Any CPU.Build.0 = Release|Any CPU
		{17A253B7-E4FA-4DB3-95C7-919A7863BB5D}.Debug|Any CPU.ActiveCfg = Debug|Any CPU
		{17A253B7-E4FA-4DB3-95C7-919A7863BB5D}.Debug|Any CPU.Build.0 = Debug|Any CPU
		{17A253B7-E4FA-4DB3-95C7-919A7863BB5D}.Release|Any CPU.ActiveCfg = Release|Any CPU
		{17A253B7-E4FA-4DB3-95C7-919A7863BB5D}.Release|Any CPU.Build.0 = Release|Any CPU
		{1FF41452-F485-41B6-85B0-92AEBA93AE14}.Debug|Any CPU.ActiveCfg = Debug|Any CPU
		{1FF41452-F485-41B6-85B0-92AEBA93AE14}.Debug|Any CPU.Build.0 = Debug|Any CPU
		{1FF41452-F485-41B6-85B0-92AEBA93AE14}.Release|Any CPU.ActiveCfg = Release|Any CPU
		{1FF41452-F485-41B6-85B0-92AEBA93AE14}.Release|Any CPU.Build.0 = Release|Any CPU
		{32764759-A48D-41E9-AAFB-ECC6636855F5}.Debug|Any CPU.ActiveCfg = Debug|Any CPU
		{32764759-A48D-41E9-AAFB-ECC6636855F5}.Debug|Any CPU.Build.0 = Debug|Any CPU
		{32764759-A48D-41E9-AAFB-ECC6636855F5}.Release|Any CPU.ActiveCfg = Release|Any CPU
		{32764759-A48D-41E9-AAFB-ECC6636855F5}.Release|Any CPU.Build.0 = Release|Any CPU
		{725E4254-0378-4AD4-B3F4-0AD604F3A1CF}.Debug|Any CPU.ActiveCfg = Debug|Any CPU
		{725E4254-0378-4AD4-B3F4-0AD604F3A1CF}.Debug|Any CPU.Build.0 = Debug|Any CPU
		{725E4254-0378-4AD4-B3F4-0AD604F3A1CF}.Release|Any CPU.ActiveCfg = Release|Any CPU
		{725E4254-0378-4AD4-B3F4-0AD604F3A1CF}.Release|Any CPU.Build.0 = Release|Any CPU
	EndGlobalSection
	GlobalSection(SolutionProperties) = preSolution
		HideSolutionNode = FALSE
	EndGlobalSection
	GlobalSection(ExtensibilityGlobals) = postSolution
		SolutionGuid = {1D268813-E548-42D8-8287-9C1B7DA6CE84}
	EndGlobalSection
EndGlobal
